
Microsoft Visual Studio Solution File, Format Version 12.00
# Visual Studio 15
VisualStudioVersion = 15.0.27428.2002
MinimumVisualStudioVersion = 10.0.40219.1
Project("{FAE04EC0-301F-11D3-BF4B-00C04F79EFBC}") = "ShuffleCards20180410_CMoney", "ShuffleCards20180410_CMoney\ShuffleCards20180410_CMoney.csproj", "{5B6BE6D5-F5C0-4C7E-9489-45456E46DA2E}"
EndProject
Project("{FAE04EC0-301F-11D3-BF4B-00C04F79EFBC}") = "ConsoleApp1", "ConsoleApp1\ConsoleApp1.csproj", "{1C40FB22-F7A3-4A08-B2FA-382AE45B6028}"
EndProject
Project("{FAE04EC0-301F-11D3-BF4B-00C04F79EFBC}") = "ConsoleApp2", "ConsoleApp2\ConsoleApp2.csproj", "{4940A138-AF61-421E-BDBA-4D99A512EA3B}"
EndProject
Project("{FAE04EC0-301F-11D3-BF4B-00C04F79EFBC}") = "ConsoleApp3", "ConsoleApp3\ConsoleApp3.csproj", "{822DC0A7-5785-48EC-A948-AD7CACBAEB7D}"
EndProject
Project("{FAE04EC0-301F-11D3-BF4B-00C04F79EFBC}") = "OneDimensionListVersion", "OneDimensionListVersion\OneDimensionListVersion.csproj", "{FE2FCB30-9DA3-419C-8742-126D7C3FD653}"
EndProject
Global
	GlobalSection(SolutionConfigurationPlatforms) = preSolution
		Debug|Any CPU = Debug|Any CPU
		Release|Any CPU = Release|Any CPU
	EndGlobalSection
	GlobalSection(ProjectConfigurationPlatforms) = postSolution
		{5B6BE6D5-F5C0-4C7E-9489-45456E46DA2E}.Debug|Any CPU.ActiveCfg = Debug|Any CPU
		{5B6BE6D5-F5C0-4C7E-9489-45456E46DA2E}.Debug|Any CPU.Build.0 = Debug|Any CPU
		{5B6BE6D5-F5C0-4C7E-9489-45456E46DA2E}.Release|Any CPU.ActiveCfg = Release|Any CPU
		{5B6BE6D5-F5C0-4C7E-9489-45456E46DA2E}.Release|Any CPU.Build.0 = Release|Any CPU
		{1C40FB22-F7A3-4A08-B2FA-382AE45B6028}.Debug|Any CPU.ActiveCfg = Debug|Any CPU
		{1C40FB22-F7A3-4A08-B2FA-382AE45B6028}.Debug|Any CPU.Build.0 = Debug|Any CPU
		{1C40FB22-F7A3-4A08-B2FA-382AE45B6028}.Release|Any CPU.ActiveCfg = Release|Any CPU
		{1C40FB22-F7A3-4A08-B2FA-382AE45B6028}.Release|Any CPU.Build.0 = Release|Any CPU
		{4940A138-AF61-421E-BDBA-4D99A512EA3B}.Debug|Any CPU.ActiveCfg = Debug|Any CPU
		{4940A138-AF61-421E-BDBA-4D99A512EA3B}.Debug|Any CPU.Build.0 = Debug|Any CPU
		{4940A138-AF61-421E-BDBA-4D99A512EA3B}.Release|Any CPU.ActiveCfg = Release|Any CPU
		{4940A138-AF61-421E-BDBA-4D99A512EA3B}.Release|Any CPU.Build.0 = Release|Any CPU
		{822DC0A7-5785-48EC-A948-AD7CACBAEB7D}.Debug|Any CPU.ActiveCfg = Debug|Any CPU
		{822DC0A7-5785-48EC-A948-AD7CACBAEB7D}.Debug|Any CPU.Build.0 = Debug|Any CPU
		{822DC0A7-5785-48EC-A948-AD7CACBAEB7D}.Release|Any CPU.ActiveCfg = Release|Any CPU
		{822DC0A7-5785-48EC-A948-AD7CACBAEB7D}.Release|Any CPU.Build.0 = Release|Any CPU
		{FE2FCB30-9DA3-419C-8742-126D7C3FD653}.Debug|Any CPU.ActiveCfg = Debug|Any CPU
		{FE2FCB30-9DA3-419C-8742-126D7C3FD653}.Debug|Any CPU.Build.0 = Debug|Any CPU
		{FE2FCB30-9DA3-419C-8742-126D7C3FD653}.Release|Any CPU.ActiveCfg = Release|Any CPU
		{FE2FCB30-9DA3-419C-8742-126D7C3FD653}.Release|Any CPU.Build.0 = Release|Any CPU
	EndGlobalSection
	GlobalSection(SolutionProperties) = preSolution
		HideSolutionNode = FALSE
	EndGlobalSection
	GlobalSection(ExtensibilityGlobals) = postSolution
		SolutionGuid = {5B9A628A-73FE-41D6-A063-8BD205688577}
	EndGlobalSection
EndGlobal
